
Microsoft Visual Studio Solution File, Format Version 12.00
# Visual Studio Version 17
VisualStudioVersion = 17.10.35122.118
MinimumVisualStudioVersion = 10.0.40219.1
Project("{9A19103F-16F7-4668-BE54-9A1E7A4F7556}") = "EX_1067", "EX_1067.csproj", "{B6664A96-E431-4197-BB56-35B446EB5ECA}"
EndProject
Project("{9A19103F-16F7-4668-BE54-9A1E7A4F7556}") = "EX_1071", "..\EX_1071\EX_1071.csproj", "{6BF72936-55A4-44B9-A755-9B6DF11FD6C2}"
EndProject
Project("{9A19103F-16F7-4668-BE54-9A1E7A4F7556}") = "EX_1072", "..\EX_1072\EX_1072.csproj", "{002A7725-C73A-4520-AB99-156146A35970}"
EndProject
Project("{9A19103F-16F7-4668-BE54-9A1E7A4F7556}") = "EX_1073", "..\EX_1073\EX_1073.csproj", "{00C60886-A3FE-4668-9E89-EDB8460DCEC5}"
EndProject
Project("{9A19103F-16F7-4668-BE54-9A1E7A4F7556}") = "EX_1074", "..\EX_1074\EX_1074.csproj", "{ADF7D31A-D423-49F3-8977-8F587A15E132}"
EndProject
Project("{9A19103F-16F7-4668-BE54-9A1E7A4F7556}") = "EX_1075", "..\EX_1075\EX_1075.csproj", "{CDF20FA9-A60C-4264-9C71-5DB91DA98104}"
EndProject
Project("{9A19103F-16F7-4668-BE54-9A1E7A4F7556}") = "EX_1079", "..\EX_1079\EX_1079.csproj", "{58472E0F-C899-48D2-A060-3764FFAF4B23}"
EndProject
Project("{9A19103F-16F7-4668-BE54-9A1E7A4F7556}") = "EX_1080", "..\EX_1080\EX_1080.csproj", "{77D4F718-2113-4B61-BC5F-7355200707B8}"
EndProject
Project("{9A19103F-16F7-4668-BE54-9A1E7A4F7556}") = "EX_1094", "..\EX_1094\EX_1094.csproj", "{41E4CEC6-036D-4E3A-AB3D-F512A7A4B8ED}"
EndProject
Project("{9A19103F-16F7-4668-BE54-9A1E7A4F7556}") = "EX_1096", "..\EX_1096\EX_1096.csproj", "{D980459D-7DEE-4189-BE9F-384641CC7FC1}"
EndProject
Project("{9A19103F-16F7-4668-BE54-9A1E7A4F7556}") = "EX_1097", "..\EX_1097\EX_1097.csproj", "{D2A17691-B2EE-44FF-9580-949E1E9F695D}"
EndProject
Project("{9A19103F-16F7-4668-BE54-9A1E7A4F7556}") = "EX_1116", "..\EX_1116\EX_1116.csproj", "{5A88A006-3D6A-4418-9992-13AB46DF4C6F}"
EndProject
Project("{9A19103F-16F7-4668-BE54-9A1E7A4F7556}") = "EX_1132", "..\EX_1132\EX_1132.csproj", "{46781179-FAB7-44C8-8113-493751729C0A}"
EndProject
Project("{9A19103F-16F7-4668-BE54-9A1E7A4F7556}") = "EX_1133", "..\EX_1133\EX_1133.csproj", "{6257FE78-A8EF-46CC-9CF8-45FD23D64E12}"
EndProject
Project("{9A19103F-16F7-4668-BE54-9A1E7A4F7556}") = "EX_1142", "..\EX_1142\EX_1142.csproj", "{6ED2BCCB-FCBE-49C0-ACD9-5A66080CA04E}"
EndProject
Project("{9A19103F-16F7-4668-BE54-9A1E7A4F7556}") = "EX_1143", "..\EX_1143\EX_1143.csproj", "{275B194F-BEA0-4DA8-AA4C-A2FFF5EDAF7E}"
EndProject
Project("{9A19103F-16F7-4668-BE54-9A1E7A4F7556}") = "EX_1144", "..\EX_1144\EX_1144.csproj", "{5A6354B7-1D0D-422E-B73A-0A39E1477B65}"
EndProject
Project("{9A19103F-16F7-4668-BE54-9A1E7A4F7556}") = "EX_1151", "..\EX_1151\EX_1151.csproj", "{3D640407-751A-4D37-BE78-E29726DFDEBB}"
EndProject
Project("{9A19103F-16F7-4668-BE54-9A1E7A4F7556}") = "EX_1153", "..\EX_1153\EX_1153.csproj", "{8BE95ACC-3E54-4F25-ABE5-216399E12B23}"
EndProject
Project("{9A19103F-16F7-4668-BE54-9A1E7A4F7556}") = "EX_1155", "..\EX_1155\EX_1155.csproj", "{0BD85ACC-DDB4-4FDE-A6A5-3EBA2366B382}"
EndProject
Project("{9A19103F-16F7-4668-BE54-9A1E7A4F7556}") = "EX_1156", "..\EX_1156\EX_1156.csproj", "{385EC6B9-9BA2-4CAD-B1CD-193E58E6B14B}"
EndProject
Project("{9A19103F-16F7-4668-BE54-9A1E7A4F7556}") = "EX_1157", "..\EX_1157\EX_1157.csproj", "{B0434439-7E65-4E91-805A-20D7D8EF863D}"
EndProject
Project("{9A19103F-16F7-4668-BE54-9A1E7A4F7556}") = "EX_1099", "..\EX_1099\EX_1099.csproj", "{505739C6-0990-480C-9EF2-D68E95F7EA3F}"
EndProject
Project("{9A19103F-16F7-4668-BE54-9A1E7A4F7556}") = "EX_1101", "..\EX_1101\EX_1101.csproj", "{04585693-DF51-4E57-8971-A880A34BBF14}"
EndProject
Project("{FAE04EC0-301F-11D3-BF4B-00C04F79EFBC}") = "EX_1145", "..\EX_1145\EX_1145.csproj", "{E2CBB10F-DFA5-493B-97FA-70CA4DD71B6B}"
EndProject
Project("{FAE04EC0-301F-11D3-BF4B-00C04F79EFBC}") = "EX_1149", "..\EX_1149\EX_1149.csproj", "{58B92AAC-A557-49BA-A141-EABF75BCF800}"
EndProject
Project("{FAE04EC0-301F-11D3-BF4B-00C04F79EFBC}") = "EX_1150", "..\EX_1150\EX_1150.csproj", "{AF1DD985-2F71-46C9-94F1-A6188DE46442}"
EndProject
Project("{FAE04EC0-301F-11D3-BF4B-00C04F79EFBC}") = "EX_1158", "..\EX_1158\EX_1158.csproj", "{1A243170-AA4B-4DB2-B1A5-402850F6A77A}"
EndProject
Project("{FAE04EC0-301F-11D3-BF4B-00C04F79EFBC}") = "EX_1160", "..\EX_1160\EX_1160.csproj", "{821C0CDE-AE48-4C6B-9284-3AD59112F3B4}"
EndProject
Project("{FAE04EC0-301F-11D3-BF4B-00C04F79EFBC}") = "EX_1065", "..\EX_1065\EX_1065.csproj", "{6C623F0D-B0A6-4EF5-A76C-0C221B6B351D}"
EndProject
Global
	GlobalSection(SolutionConfigurationPlatforms) = preSolution
		Debug|Any CPU = Debug|Any CPU
		Release|Any CPU = Release|Any CPU
	EndGlobalSection
	GlobalSection(ProjectConfigurationPlatforms) = postSolution
		{B6664A96-E431-4197-BB56-35B446EB5ECA}.Debug|Any CPU.ActiveCfg = Debug|Any CPU
		{B6664A96-E431-4197-BB56-35B446EB5ECA}.Debug|Any CPU.Build.0 = Debug|Any CPU
		{B6664A96-E431-4197-BB56-35B446EB5ECA}.Release|Any CPU.ActiveCfg = Release|Any CPU
		{B6664A96-E431-4197-BB56-35B446EB5ECA}.Release|Any CPU.Build.0 = Release|Any CPU
		{6BF72936-55A4-44B9-A755-9B6DF11FD6C2}.Debug|Any CPU.ActiveCfg = Debug|Any CPU
		{6BF72936-55A4-44B9-A755-9B6DF11FD6C2}.Debug|Any CPU.Build.0 = Debug|Any CPU
		{6BF72936-55A4-44B9-A755-9B6DF11FD6C2}.Release|Any CPU.ActiveCfg = Release|Any CPU
		{6BF72936-55A4-44B9-A755-9B6DF11FD6C2}.Release|Any CPU.Build.0 = Release|Any CPU
		{002A7725-C73A-4520-AB99-156146A35970}.Debug|Any CPU.ActiveCfg = Debug|Any CPU
		{002A7725-C73A-4520-AB99-156146A35970}.Debug|Any CPU.Build.0 = Debug|Any CPU
		{002A7725-C73A-4520-AB99-156146A35970}.Release|Any CPU.ActiveCfg = Release|Any CPU
		{002A7725-C73A-4520-AB99-156146A35970}.Release|Any CPU.Build.0 = Release|Any CPU
		{00C60886-A3FE-4668-9E89-EDB8460DCEC5}.Debug|Any CPU.ActiveCfg = Debug|Any CPU
		{00C60886-A3FE-4668-9E89-EDB8460DCEC5}.Debug|Any CPU.Build.0 = Debug|Any CPU
		{00C60886-A3FE-4668-9E89-EDB8460DCEC5}.Release|Any CPU.ActiveCfg = Release|Any CPU
		{00C60886-A3FE-4668-9E89-EDB8460DCEC5}.Release|Any CPU.Build.0 = Release|Any CPU
		{ADF7D31A-D423-49F3-8977-8F587A15E132}.Debug|Any CPU.ActiveCfg = Debug|Any CPU
		{ADF7D31A-D423-49F3-8977-8F587A15E132}.Debug|Any CPU.Build.0 = Debug|Any CPU
		{ADF7D31A-D423-49F3-8977-8F587A15E132}.Release|Any CPU.ActiveCfg = Release|Any CPU
		{ADF7D31A-D423-49F3-8977-8F587A15E132}.Release|Any CPU.Build.0 = Release|Any CPU
		{CDF20FA9-A60C-4264-9C71-5DB91DA98104}.Debug|Any CPU.ActiveCfg = Debug|Any CPU
		{CDF20FA9-A60C-4264-9C71-5DB91DA98104}.Debug|Any CPU.Build.0 = Debug|Any CPU
		{CDF20FA9-A60C-4264-9C71-5DB91DA98104}.Release|Any CPU.ActiveCfg = Release|Any CPU
		{CDF20FA9-A60C-4264-9C71-5DB91DA98104}.Release|Any CPU.Build.0 = Release|Any CPU
		{58472E0F-C899-48D2-A060-3764FFAF4B23}.Debug|Any CPU.ActiveCfg = Debug|Any CPU
		{58472E0F-C899-48D2-A060-3764FFAF4B23}.Debug|Any CPU.Build.0 = Debug|Any CPU
		{58472E0F-C899-48D2-A060-3764FFAF4B23}.Release|Any CPU.ActiveCfg = Release|Any CPU
		{58472E0F-C899-48D2-A060-3764FFAF4B23}.Release|Any CPU.Build.0 = Release|Any CPU
		{77D4F718-2113-4B61-BC5F-7355200707B8}.Debug|Any CPU.ActiveCfg = Debug|Any CPU
		{77D4F718-2113-4B61-BC5F-7355200707B8}.Debug|Any CPU.Build.0 = Debug|Any CPU
		{77D4F718-2113-4B61-BC5F-7355200707B8}.Release|Any CPU.ActiveCfg = Release|Any CPU
		{77D4F718-2113-4B61-BC5F-7355200707B8}.Release|Any CPU.Build.0 = Release|Any CPU
		{41E4CEC6-036D-4E3A-AB3D-F512A7A4B8ED}.Debug|Any CPU.ActiveCfg = Debug|Any CPU
		{41E4CEC6-036D-4E3A-AB3D-F512A7A4B8ED}.Debug|Any CPU.Build.0 = Debug|Any CPU
		{41E4CEC6-036D-4E3A-AB3D-F512A7A4B8ED}.Release|Any CPU.ActiveCfg = Release|Any CPU
		{41E4CEC6-036D-4E3A-AB3D-F512A7A4B8ED}.Release|Any CPU.Build.0 = Release|Any CPU
		{D980459D-7DEE-4189-BE9F-384641CC7FC1}.Debug|Any CPU.ActiveCfg = Debug|Any CPU
		{D980459D-7DEE-4189-BE9F-384641CC7FC1}.Debug|Any CPU.Build.0 = Debug|Any CPU
		{D980459D-7DEE-4189-BE9F-384641CC7FC1}.Release|Any CPU.ActiveCfg = Release|Any CPU
		{D980459D-7DEE-4189-BE9F-384641CC7FC1}.Release|Any CPU.Build.0 = Release|Any CPU
		{D2A17691-B2EE-44FF-9580-949E1E9F695D}.Debug|Any CPU.ActiveCfg = Debug|Any CPU
		{D2A17691-B2EE-44FF-9580-949E1E9F695D}.Debug|Any CPU.Build.0 = Debug|Any CPU
		{D2A17691-B2EE-44FF-9580-949E1E9F695D}.Release|Any CPU.ActiveCfg = Release|Any CPU
		{D2A17691-B2EE-44FF-9580-949E1E9F695D}.Release|Any CPU.Build.0 = Release|Any CPU
		{5A88A006-3D6A-4418-9992-13AB46DF4C6F}.Debug|Any CPU.ActiveCfg = Debug|Any CPU
		{5A88A006-3D6A-4418-9992-13AB46DF4C6F}.Debug|Any CPU.Build.0 = Debug|Any CPU
		{5A88A006-3D6A-4418-9992-13AB46DF4C6F}.Release|Any CPU.ActiveCfg = Release|Any CPU
		{5A88A006-3D6A-4418-9992-13AB46DF4C6F}.Release|Any CPU.Build.0 = Release|Any CPU
		{46781179-FAB7-44C8-8113-493751729C0A}.Debug|Any CPU.ActiveCfg = Debug|Any CPU
		{46781179-FAB7-44C8-8113-493751729C0A}.Debug|Any CPU.Build.0 = Debug|Any CPU
		{46781179-FAB7-44C8-8113-493751729C0A}.Release|Any CPU.ActiveCfg = Release|Any CPU
		{46781179-FAB7-44C8-8113-493751729C0A}.Release|Any CPU.Build.0 = Release|Any CPU
		{6257FE78-A8EF-46CC-9CF8-45FD23D64E12}.Debug|Any CPU.ActiveCfg = Debug|Any CPU
		{6257FE78-A8EF-46CC-9CF8-45FD23D64E12}.Debug|Any CPU.Build.0 = Debug|Any CPU
		{6257FE78-A8EF-46CC-9CF8-45FD23D64E12}.Release|Any CPU.ActiveCfg = Release|Any CPU
		{6257FE78-A8EF-46CC-9CF8-45FD23D64E12}.Release|Any CPU.Build.0 = Release|Any CPU
		{6ED2BCCB-FCBE-49C0-ACD9-5A66080CA04E}.Debug|Any CPU.ActiveCfg = Debug|Any CPU
		{6ED2BCCB-FCBE-49C0-ACD9-5A66080CA04E}.Debug|Any CPU.Build.0 = Debug|Any CPU
		{6ED2BCCB-FCBE-49C0-ACD9-5A66080CA04E}.Release|Any CPU.ActiveCfg = Release|Any CPU
		{6ED2BCCB-FCBE-49C0-ACD9-5A66080CA04E}.Release|Any CPU.Build.0 = Release|Any CPU
		{275B194F-BEA0-4DA8-AA4C-A2FFF5EDAF7E}.Debug|Any CPU.ActiveCfg = Debug|Any CPU
		{275B194F-BEA0-4DA8-AA4C-A2FFF5EDAF7E}.Debug|Any CPU.Build.0 = Debug|Any CPU
		{275B194F-BEA0-4DA8-AA4C-A2FFF5EDAF7E}.Release|Any CPU.ActiveCfg = Release|Any CPU
		{275B194F-BEA0-4DA8-AA4C-A2FFF5EDAF7E}.Release|Any CPU.Build.0 = Release|Any CPU
		{5A6354B7-1D0D-422E-B73A-0A39E1477B65}.Debug|Any CPU.ActiveCfg = Debug|Any CPU
		{5A6354B7-1D0D-422E-B73A-0A39E1477B65}.Debug|Any CPU.Build.0 = Debug|Any CPU
		{5A6354B7-1D0D-422E-B73A-0A39E1477B65}.Release|Any CPU.ActiveCfg = Release|Any CPU
		{5A6354B7-1D0D-422E-B73A-0A39E1477B65}.Release|Any CPU.Build.0 = Release|Any CPU
		{3D640407-751A-4D37-BE78-E29726DFDEBB}.Debug|Any CPU.ActiveCfg = Debug|Any CPU
		{3D640407-751A-4D37-BE78-E29726DFDEBB}.Debug|Any CPU.Build.0 = Debug|Any CPU
		{3D640407-751A-4D37-BE78-E29726DFDEBB}.Release|Any CPU.ActiveCfg = Release|Any CPU
		{3D640407-751A-4D37-BE78-E29726DFDEBB}.Release|Any CPU.Build.0 = Release|Any CPU
		{8BE95ACC-3E54-4F25-ABE5-216399E12B23}.Debug|Any CPU.ActiveCfg = Debug|Any CPU
		{8BE95ACC-3E54-4F25-ABE5-216399E12B23}.Debug|Any CPU.Build.0 = Debug|Any CPU
		{8BE95ACC-3E54-4F25-ABE5-216399E12B23}.Release|Any CPU.ActiveCfg = Release|Any CPU
		{8BE95ACC-3E54-4F25-ABE5-216399E12B23}.Release|Any CPU.Build.0 = Release|Any CPU
		{0BD85ACC-DDB4-4FDE-A6A5-3EBA2366B382}.Debug|Any CPU.ActiveCfg = Debug|Any CPU
		{0BD85ACC-DDB4-4FDE-A6A5-3EBA2366B382}.Debug|Any CPU.Build.0 = Debug|Any CPU
		{0BD85ACC-DDB4-4FDE-A6A5-3EBA2366B382}.Release|Any CPU.ActiveCfg = Release|Any CPU
		{0BD85ACC-DDB4-4FDE-A6A5-3EBA2366B382}.Release|Any CPU.Build.0 = Release|Any CPU
		{385EC6B9-9BA2-4CAD-B1CD-193E58E6B14B}.Debug|Any CPU.ActiveCfg = Debug|Any CPU
		{385EC6B9-9BA2-4CAD-B1CD-193E58E6B14B}.Debug|Any CPU.Build.0 = Debug|Any CPU
		{385EC6B9-9BA2-4CAD-B1CD-193E58E6B14B}.Release|Any CPU.ActiveCfg = Release|Any CPU
		{385EC6B9-9BA2-4CAD-B1CD-193E58E6B14B}.Release|Any CPU.Build.0 = Release|Any CPU
		{B0434439-7E65-4E91-805A-20D7D8EF863D}.Debug|Any CPU.ActiveCfg = Debug|Any CPU
		{B0434439-7E65-4E91-805A-20D7D8EF863D}.Debug|Any CPU.Build.0 = Debug|Any CPU
		{B0434439-7E65-4E91-805A-20D7D8EF863D}.Release|Any CPU.ActiveCfg = Release|Any CPU
		{B0434439-7E65-4E91-805A-20D7D8EF863D}.Release|Any CPU.Build.0 = Release|Any CPU
		{505739C6-0990-480C-9EF2-D68E95F7EA3F}.Debug|Any CPU.ActiveCfg = Debug|Any CPU
		{505739C6-0990-480C-9EF2-D68E95F7EA3F}.Debug|Any CPU.Build.0 = Debug|Any CPU
		{505739C6-0990-480C-9EF2-D68E95F7EA3F}.Release|Any CPU.ActiveCfg = Release|Any CPU
		{505739C6-0990-480C-9EF2-D68E95F7EA3F}.Release|Any CPU.Build.0 = Release|Any CPU
		{04585693-DF51-4E57-8971-A880A34BBF14}.Debug|Any CPU.ActiveCfg = Debug|Any CPU
		{04585693-DF51-4E57-8971-A880A34BBF14}.Debug|Any CPU.Build.0 = Debug|Any CPU
		{04585693-DF51-4E57-8971-A880A34BBF14}.Release|Any CPU.ActiveCfg = Release|Any CPU
		{04585693-DF51-4E57-8971-A880A34BBF14}.Release|Any CPU.Build.0 = Release|Any CPU
		{E2CBB10F-DFA5-493B-97FA-70CA4DD71B6B}.Debug|Any CPU.ActiveCfg = Debug|Any CPU
		{E2CBB10F-DFA5-493B-97FA-70CA4DD71B6B}.Debug|Any CPU.Build.0 = Debug|Any CPU
		{E2CBB10F-DFA5-493B-97FA-70CA4DD71B6B}.Release|Any CPU.ActiveCfg = Release|Any CPU
		{E2CBB10F-DFA5-493B-97FA-70CA4DD71B6B}.Release|Any CPU.Build.0 = Release|Any CPU
		{58B92AAC-A557-49BA-A141-EABF75BCF800}.Debug|Any CPU.ActiveCfg = Debug|Any CPU
		{58B92AAC-A557-49BA-A141-EABF75BCF800}.Debug|Any CPU.Build.0 = Debug|Any CPU
		{58B92AAC-A557-49BA-A141-EABF75BCF800}.Release|Any CPU.ActiveCfg = Release|Any CPU
		{58B92AAC-A557-49BA-A141-EABF75BCF800}.Release|Any CPU.Build.0 = Release|Any CPU
		{AF1DD985-2F71-46C9-94F1-A6188DE46442}.Debug|Any CPU.ActiveCfg = Debug|Any CPU
		{AF1DD985-2F71-46C9-94F1-A6188DE46442}.Debug|Any CPU.Build.0 = Debug|Any CPU
		{AF1DD985-2F71-46C9-94F1-A6188DE46442}.Release|Any CPU.ActiveCfg = Release|Any CPU
		{AF1DD985-2F71-46C9-94F1-A6188DE46442}.Release|Any CPU.Build.0 = Release|Any CPU
		{1A243170-AA4B-4DB2-B1A5-402850F6A77A}.Debug|Any CPU.ActiveCfg = Debug|Any CPU
		{1A243170-AA4B-4DB2-B1A5-402850F6A77A}.Debug|Any CPU.Build.0 = Debug|Any CPU
		{1A243170-AA4B-4DB2-B1A5-402850F6A77A}.Release|Any CPU.ActiveCfg = Release|Any CPU
		{1A243170-AA4B-4DB2-B1A5-402850F6A77A}.Release|Any CPU.Build.0 = Release|Any CPU
		{821C0CDE-AE48-4C6B-9284-3AD59112F3B4}.Debug|Any CPU.ActiveCfg = Debug|Any CPU
		{821C0CDE-AE48-4C6B-9284-3AD59112F3B4}.Debug|Any CPU.Build.0 = Debug|Any CPU
		{821C0CDE-AE48-4C6B-9284-3AD59112F3B4}.Release|Any CPU.ActiveCfg = Release|Any CPU
		{821C0CDE-AE48-4C6B-9284-3AD59112F3B4}.Release|Any CPU.Build.0 = Release|Any CPU
		{6C623F0D-B0A6-4EF5-A76C-0C221B6B351D}.Debug|Any CPU.ActiveCfg = Debug|Any CPU
		{6C623F0D-B0A6-4EF5-A76C-0C221B6B351D}.Debug|Any CPU.Build.0 = Debug|Any CPU
		{6C623F0D-B0A6-4EF5-A76C-0C221B6B351D}.Release|Any CPU.ActiveCfg = Release|Any CPU
		{6C623F0D-B0A6-4EF5-A76C-0C221B6B351D}.Release|Any CPU.Build.0 = Release|Any CPU
	EndGlobalSection
	GlobalSection(SolutionProperties) = preSolution
		HideSolutionNode = FALSE
	EndGlobalSection
	GlobalSection(ExtensibilityGlobals) = postSolution
		SolutionGuid = {2694CD79-2662-4BCA-850C-CDE905ECAC37}
	EndGlobalSection
EndGlobal
